FORGE
  remote: https://forgeapi.puppetlabs.com
  specs:
    ceritsc-yum (0.9.6)
      puppetlabs-stdlib (>= 4.0.0)
    elasticsearch-elasticsearch (0.10.3)
      ceritsc-yum (< 1.0.0, >= 0.9.6)
      puppetlabs-apt (< 3.0.0, >= 1.4.0)
      puppetlabs-stdlib (< 5.0.0, >= 3.2.0)
      richardc-datacat (< 1.0.0, >= 0.6.2)
    elasticsearch-logstash (0.5.1)
      ispavailability-file_concat (>= 0.1.0)
      puppetlabs-stdlib (>= 3.2.0)
    ispavailability-file_concat (0.3.0)
    puppetlabs-apt (2.2.2)
      puppetlabs-stdlib (< 5.0.0, >= 4.5.0)
    puppetlabs-java (1.5.0)
      puppetlabs-stdlib (< 5.0.0, >= 2.4.0)
    puppetlabs-ruby (0.4.0)
      puppetlabs-stdlib (< 5.0.0, >= 3.2.0)
    puppetlabs-stdlib (4.11.0)
    richardc-datacat (0.6.2)
    saz-vim (2.4.0)
    theforeman-git (1.6.0)
      puppetlabs-stdlib (< 5.0.0, >= 2.0.0)

DEPENDENCIES
  elasticsearch-elasticsearch (>= 0)
  elasticsearch-logstash (>= 0)
  puppetlabs-apt (>= 0)
  puppetlabs-java (>= 0)
  puppetlabs-ruby (>= 0)
  puppetlabs-stdlib (>= 0)
  saz-vim (>= 0)
  theforeman-git (>= 0)

